
Microsoft Visual Studio Solution File, Format Version 12.00
# Visual Studio Version 16
VisualStudioVersion = 16.0.30011.22
MinimumVisualStudioVersion = 10.0.40219.1
Project("{9A19103F-16F7-4668-BE54-9A1E7A4F7556}") = "AgilityWebCore", "AgilityWebCore\AgilityWebCore.csproj", "{C63F033A-1036-4798-8280-1CF3E82CFDEF}"
EndProject
Global
	GlobalSection(SolutionConfigurationPlatforms) = preSolution
		Debug|Any CPU = Debug|Any CPU
		Release|Any CPU = Release|Any CPU
	EndGlobalSection
	GlobalSection(ProjectConfigurationPlatforms) = postSolution
		{C63F033A-1036-4798-8280-1CF3E82CFDEF}.Debug|Any CPU.ActiveCfg = Debug|Any CPU
		{C63F033A-1036-4798-8280-1CF3E82CFDEF}.Debug|Any CPU.Build.0 = Debug|Any CPU
		{C63F033A-1036-4798-8280-1CF3E82CFDEF}.Release|Any CPU.ActiveCfg = Release|Any CPU
		{C63F033A-1036-4798-8280-1CF3E82CFDEF}.Release|Any CPU.Build.0 = Release|Any CPU
	EndGlobalSection
	GlobalSection(SolutionProperties) = preSolution
		HideSolutionNode = FALSE
	EndGlobalSection
	GlobalSection(ExtensibilityGlobals) = postSolution
		SolutionGuid = {1575A9CC-8ADD-4656-8D79-2FCE85CDEE83}
	EndGlobalSection
	GlobalSection(TeamFoundationVersionControl) = preSolution
		SccNumberOfProjects = 2
		SccEnterpriseProvider = {4CA58AB2-18FA-4F8D-95D4-32DDF27D184C}
		SccTeamFoundationServer = https://agility.visualstudio.com/defaultcollection
		SccProjectUniqueName0 = AgilityWebCore\\AgilityWebCore.csproj
		SccProjectName0 = AgilityWebCore
		SccLocalPath0 = AgilityWebCore
		SccLocalPath1 = .
	EndGlobalSection
EndGlobal
